
Microsoft Visual Studio Solution File, Format Version 12.00
# Visual Studio Version 17
VisualStudioVersion = 17.2.32630.192
MinimumVisualStudioVersion = 10.0.40219.1
Project("{9A19103F-16F7-4668-BE54-9A1E7A4F7556}") = "StringExtensions.Truncate", "StringExtensions.Truncate\StringExtensions.Truncate.csproj", "{60AAEA00-988C-4C17-B642-D6560961C940}"
EndProject
Project("{9A19103F-16F7-4668-BE54-9A1E7A4F7556}") = "StringExtensions.Truncate.Tests", "StringExtensions.Truncate.Tests\StringExtensions.Truncate.Tests.csproj", "{BD3003EE-399D-40B7-832D-1193607E5F47}"
EndProject
Global
	GlobalSection(SolutionConfigurationPlatforms) = preSolution
		Debug|Any CPU = Debug|Any CPU
		Release|Any CPU = Release|Any CPU
	EndGlobalSection
	GlobalSection(ProjectConfigurationPlatforms) = postSolution
		{60AAEA00-988C-4C17-B642-D6560961C940}.Debug|Any CPU.ActiveCfg = Debug|Any CPU
		{60AAEA00-988C-4C17-B642-D6560961C940}.Debug|Any CPU.Build.0 = Debug|Any CPU
		{60AAEA00-988C-4C17-B642-D6560961C940}.Release|Any CPU.ActiveCfg = Release|Any CPU
		{60AAEA00-988C-4C17-B642-D6560961C940}.Release|Any CPU.Build.0 = Release|Any CPU
		{BD3003EE-399D-40B7-832D-1193607E5F47}.Debug|Any CPU.ActiveCfg = Debug|Any CPU
		{BD3003EE-399D-40B7-832D-1193607E5F47}.Debug|Any CPU.Build.0 = Debug|Any CPU
		{BD3003EE-399D-40B7-832D-1193607E5F47}.Release|Any CPU.ActiveCfg = Release|Any CPU
		{BD3003EE-399D-40B7-832D-1193607E5F47}.Release|Any CPU.Build.0 = Release|Any CPU
	EndGlobalSection
	GlobalSection(SolutionProperties) = preSolution
		HideSolutionNode = FALSE
	EndGlobalSection
	GlobalSection(ExtensibilityGlobals) = postSolution
		SolutionGuid = {0818B3E4-B00F-4D04-BC05-8FAC7C258E62}
	EndGlobalSection
EndGlobal
